
Microsoft Visual Studio Solution File, Format Version 12.00
# Visual Studio Version 17
VisualStudioVersion = 17.0.31611.283
MinimumVisualStudioVersion = 10.0.40219.1
Project("{9A19103F-16F7-4668-BE54-9A1E7A4F7556}") = "Lab2", "Lab2.csproj", "{3DBCDF99-374E-4B45-8FF5-D688D0F79535}"
EndProject
Project("{FAE04EC0-301F-11D3-BF4B-00C04F79EFBC}") = "Lab2.Tests", "..\Lab2.Tests\Lab2.Tests.csproj", "{BD1BE4F2-5779-4E59-B254-DE60FA658CAC}"
EndProject
Global
	GlobalSection(SolutionConfigurationPlatforms) = preSolution
		Debug|Any CPU = Debug|Any CPU
		Release|Any CPU = Release|Any CPU
	EndGlobalSection
	GlobalSection(ProjectConfigurationPlatforms) = postSolution
		{3DBCDF99-374E-4B45-8FF5-D688D0F79535}.Debug|Any CPU.ActiveCfg = Debug|Any CPU
		{3DBCDF99-374E-4B45-8FF5-D688D0F79535}.Debug|Any CPU.Build.0 = Debug|Any CPU
		{3DBCDF99-374E-4B45-8FF5-D688D0F79535}.Debug|Any CPU.Deploy.0 = Debug|Any CPU
		{3DBCDF99-374E-4B45-8FF5-D688D0F79535}.Release|Any CPU.ActiveCfg = Release|Any CPU
		{3DBCDF99-374E-4B45-8FF5-D688D0F79535}.Release|Any CPU.Build.0 = Release|Any CPU
		{3DBCDF99-374E-4B45-8FF5-D688D0F79535}.Release|Any CPU.Deploy.0 = Release|Any CPU
		{BD1BE4F2-5779-4E59-B254-DE60FA658CAC}.Debug|Any CPU.ActiveCfg = Debug|Any CPU
		{BD1BE4F2-5779-4E59-B254-DE60FA658CAC}.Debug|Any CPU.Build.0 = Debug|Any CPU
		{BD1BE4F2-5779-4E59-B254-DE60FA658CAC}.Release|Any CPU.ActiveCfg = Release|Any CPU
		{BD1BE4F2-5779-4E59-B254-DE60FA658CAC}.Release|Any CPU.Build.0 = Release|Any CPU
	EndGlobalSection
	GlobalSection(SolutionProperties) = preSolution
		HideSolutionNode = FALSE
	EndGlobalSection
	GlobalSection(ExtensibilityGlobals) = postSolution
		SolutionGuid = {61F7FB11-1E47-470C-91E2-47F8143E1572}
	EndGlobalSection
EndGlobal
